
Microsoft Visual Studio Solution File, Format Version 12.00
# Visual Studio Version 17
VisualStudioVersion = 17.4.33213.308
MinimumVisualStudioVersion = 10.0.40219.1
Project("{9A19103F-16F7-4668-BE54-9A1E7A4F7556}") = "13", "13\13.csproj", "{A1E0927A-B853-4961-9001-28D90DEDF3A4}"
EndProject
Global
	GlobalSection(SolutionConfigurationPlatforms) = preSolution
		Debug|Any CPU = Debug|Any CPU
		Release|Any CPU = Release|Any CPU
	EndGlobalSection
	GlobalSection(ProjectConfigurationPlatforms) = postSolution
		{A1E0927A-B853-4961-9001-28D90DEDF3A4}.Debug|Any CPU.ActiveCfg = Debug|Any CPU
		{A1E0927A-B853-4961-9001-28D90DEDF3A4}.Debug|Any CPU.Build.0 = Debug|Any CPU
		{A1E0927A-B853-4961-9001-28D90DEDF3A4}.Release|Any CPU.ActiveCfg = Release|Any CPU
		{A1E0927A-B853-4961-9001-28D90DEDF3A4}.Release|Any CPU.Build.0 = Release|Any CPU
	EndGlobalSection
	GlobalSection(SolutionProperties) = preSolution
		HideSolutionNode = FALSE
	EndGlobalSection
	GlobalSection(ExtensibilityGlobals) = postSolution
		SolutionGuid = {18828DF1-C8C0-4E48-A76A-A02A179D8005}
	EndGlobalSection
EndGlobal
