
Microsoft Visual Studio Solution File, Format Version 12.00
# Visual Studio Version 17
VisualStudioVersion = 17.4.33213.308
MinimumVisualStudioVersion = 10.0.40219.1
Project("{FAE04EC0-301F-11D3-BF4B-00C04F79EFBC}") = "7", "7\7.csproj", "{78199C5B-650F-42A1-B4BB-BE733B26D647}"
EndProject
Global
	GlobalSection(SolutionConfigurationPlatforms) = preSolution
		Debug|Any CPU = Debug|Any CPU
		Release|Any CPU = Release|Any CPU
	EndGlobalSection
	GlobalSection(ProjectConfigurationPlatforms) = postSolution
		{78199C5B-650F-42A1-B4BB-BE733B26D647}.Debug|Any CPU.ActiveCfg = Debug|Any CPU
		{78199C5B-650F-42A1-B4BB-BE733B26D647}.Debug|Any CPU.Build.0 = Debug|Any CPU
		{78199C5B-650F-42A1-B4BB-BE733B26D647}.Release|Any CPU.ActiveCfg = Release|Any CPU
		{78199C5B-650F-42A1-B4BB-BE733B26D647}.Release|Any CPU.Build.0 = Release|Any CPU
	EndGlobalSection
	GlobalSection(SolutionProperties) = preSolution
		HideSolutionNode = FALSE
	EndGlobalSection
	GlobalSection(ExtensibilityGlobals) = postSolution
		SolutionGuid = {4ADABBBA-719D-45DB-A1FA-3E2C830E7E0C}
	EndGlobalSection
EndGlobal
